{
  "name": "MindTalk",
  "lockfileVersion": 3,
  "requires": true,
  "packages": {
    "": {
      "dependencies": {
        "@headlessui/react": "^1.7.15",
        "classnames": "^2.3.2",
        "react-fetch-hook": "^1.9.5",
        "react-icons": "^4.10.1",
        "react-router-dom": "^6.14.1"
      }
    },
    "node_modules/@headlessui/react": {
      "version": "1.7.15",
      "resolved": "https://registry.npmjs.org/@headlessui/react/-/react-1.7.15.tgz",
      "integrity": "sha512-OTO0XtoRQ6JPB1cKNFYBZv2Q0JMqMGNhYP1CjPvcJvjz8YGokz8oAj89HIYZGN0gZzn/4kk9iUpmMF4Q21Gsqw==",
      "dependencies": {
        "client-only": "^0.0.1"
      },
      "engines": {
        "node": ">=10"
      },
      "peerDependencies": {
        "react": "^16 || ^17 || ^18",
        "react-dom": "^16 || ^17 || ^18"
      }
    },
    "node_modules/@remix-run/router": {
      "version": "1.7.1",
      "resolved": "https://registry.npmjs.org/@remix-run/router/-/router-1.7.1.tgz",
      "integrity": "sha512-bgVQM4ZJ2u2CM8k1ey70o1ePFXsEzYVZoWghh6WjM8p59jQ7HxzbHW4SbnWFG7V9ig9chLawQxDTZ3xzOF8MkQ==",
      "engines": {
        "node": ">=14"
      }
    },
    "node_modules/classnames": {
      "version": "2.3.2",
      "resolved": "https://registry.npmjs.org/classnames/-/classnames-2.3.2.tgz",
      "integrity": "sha512-CSbhY4cFEJRe6/GQzIk5qXZ4Jeg5pcsP7b5peFSDpffpe1cqjASH/n9UTjBwOp6XpMSTwQ8Za2K5V02ueA7Tmw=="
    },
    "node_modules/client-only": {
      "version": "0.0.1",
      "resolved": "https://registry.npmjs.org/client-only/-/client-only-0.0.1.tgz",
      "integrity": "sha512-IV3Ou0jSMzZrd3pZ48nLkT9DA7Ag1pnPzaiQhpW7c3RbcqqzvzzVu+L8gfqMp/8IM2MQtSiqaCxrrcfu8I8rMA=="
    },
    "node_modules/react-fetch-hook": {
      "version": "1.9.5",
      "resolved": "https://registry.npmjs.org/react-fetch-hook/-/react-fetch-hook-1.9.5.tgz",
      "integrity": "sha512-LhTwUk0iYQ4SUl2laQr5Jc2fk/K4B6ezntDWWBNdlag/cB3n2RYshofIL3bOghE5FEfkoDi6BqGD/YIwqW1/8w==",
      "peerDependencies": {
        "react": ">=16.8.0 <19.0.0"
      }
    },
    "node_modules/react-icons": {
      "version": "4.10.1",
      "resolved": "https://registry.npmjs.org/react-icons/-/react-icons-4.10.1.tgz",
      "integrity": "sha512-/ngzDP/77tlCfqthiiGNZeYFACw85fUjZtLbedmJ5DTlNDIwETxhwBzdOJ21zj4iJdvc0J3y7yOsX3PpxAJzrw==",
      "peerDependencies": {
        "react": "*"
      }
    },
    "node_modules/react-router": {
      "version": "6.14.1",
      "resolved": "https://registry.npmjs.org/react-router/-/react-router-6.14.1.tgz",
      "integrity": "sha512-U4PfgvG55LdvbQjg5Y9QRWyVxIdO1LlpYT7x+tMAxd9/vmiPuJhIwdxZuIQLN/9e3O4KFDHYfR9gzGeYMasW8g==",
      "dependencies": {
        "@remix-run/router": "1.7.1"
      },
      "engines": {
        "node": ">=14"
      },
      "peerDependencies": {
        "react": ">=16.8"
      }
    },
    "node_modules/react-router-dom": {
      "version": "6.14.1",
      "resolved": "https://registry.npmjs.org/react-router-dom/-/react-router-dom-6.14.1.tgz",
      "integrity": "sha512-ssF6M5UkQjHK70fgukCJyjlda0Dgono2QGwqGvuk7D+EDGHdacEN3Yke2LTMjkrpHuFwBfDFsEjGVXBDmL+bWw==",
      "dependencies": {
        "@remix-run/router": "1.7.1",
        "react-router": "6.14.1"
      },
      "engines": {
        "node": ">=14"
      },
      "peerDependencies": {
        "react": ">=16.8",
        "react-dom": ">=16.8"
      }
    }
  }
}
